
Microsoft Visual Studio Solution File, Format Version 12.00
# Visual Studio Version 17
VisualStudioVersion = 17.12.35521.163
MinimumVisualStudioVersion = 10.0.40219.1
Project("{FAE04EC0-301F-11D3-BF4B-00C04F79EFBC}") = "Mimos.API", "Mimos.API\Mimos.API.csproj", "{2C8C4ED8-F6BD-4BDA-848C-7F25F92C89DF}"
EndProject
Project("{FAE04EC0-301F-11D3-BF4B-00C04F79EFBC}") = "Mimos.Test", "Mimos.Test\Mimos.Test.csproj", "{4FCC0678-FA2B-4007-B365-D44E8A1B0509}"
	ProjectSection(ProjectDependencies) = postProject
		{2C8C4ED8-F6BD-4BDA-848C-7F25F92C89DF} = {2C8C4ED8-F6BD-4BDA-848C-7F25F92C89DF}
	EndProjectSection
EndProject
Global
	GlobalSection(SolutionConfigurationPlatforms) = preSolution
		Debug|Any CPU = Debug|Any CPU
		Release|Any CPU = Release|Any CPU
	EndGlobalSection
	GlobalSection(ProjectConfigurationPlatforms) = postSolution
		{2C8C4ED8-F6BD-4BDA-848C-7F25F92C89DF}.Debug|Any CPU.ActiveCfg = Debug|Any CPU
		{2C8C4ED8-F6BD-4BDA-848C-7F25F92C89DF}.Debug|Any CPU.Build.0 = Debug|Any CPU
		{2C8C4ED8-F6BD-4BDA-848C-7F25F92C89DF}.Release|Any CPU.ActiveCfg = Release|Any CPU
		{2C8C4ED8-F6BD-4BDA-848C-7F25F92C89DF}.Release|Any CPU.Build.0 = Release|Any CPU
		{4FCC0678-FA2B-4007-B365-D44E8A1B0509}.Debug|Any CPU.ActiveCfg = Debug|Any CPU
		{4FCC0678-FA2B-4007-B365-D44E8A1B0509}.Debug|Any CPU.Build.0 = Debug|Any CPU
		{4FCC0678-FA2B-4007-B365-D44E8A1B0509}.Release|Any CPU.ActiveCfg = Release|Any CPU
		{4FCC0678-FA2B-4007-B365-D44E8A1B0509}.Release|Any CPU.Build.0 = Release|Any CPU
	EndGlobalSection
	GlobalSection(SolutionProperties) = preSolution
		HideSolutionNode = FALSE
	EndGlobalSection
EndGlobal
